# THIS IS AN AUTOGENERATED FILE. DO NOT EDIT THIS FILE DIRECTLY.
# yarn lockfile v1


"@jtorm/handler-wrapper@^0.0.5":
  version "0.0.5"
  resolved "https://registry.yarnpkg.com/@jtorm/handler-wrapper/-/handler-wrapper-0.0.5.tgz#cb07259c5a59cbb732576dcbfd6d43f3335cdf18"
  integrity sha512-VQYhrJNF2lTkK8WvCSOXzqIIIIISQsT0TDaz5yTlkk71JWEknqyK13xjhbULyOLTrd4rSEQaMfgy4RKopg+r/w==
